
Microsoft Visual Studio Solution File, Format Version 12.00
# Visual Studio Version 16
VisualStudioVersion = 16.0.29613.14
MinimumVisualStudioVersion = 10.0.40219.1
Project("{FAE04EC0-301F-11D3-BF4B-00C04F79EFBC}") = "GRSVR", "GRSVR\GRSVR.csproj", "{B34ADF40-B442-47B1-BCFD-C659BCC96757}"
	ProjectSection(ProjectDependencies) = postProject
		{9AA6C347-81F0-44DC-BD58-AB960ED308CD} = {9AA6C347-81F0-44DC-BD58-AB960ED308CD}
		{CD9BF455-2330-4463-9E12-775DF2E17900} = {CD9BF455-2330-4463-9E12-775DF2E17900}
		{2E80CD68-D1C1-4AAD-8A7A-814419F5E59B} = {2E80CD68-D1C1-4AAD-8A7A-814419F5E59B}
	EndProjectSection
EndProject
Project("{FAE04EC0-301F-11D3-BF4B-00C04F79EFBC}") = "TestTerminal", "TestTerminal\TestTerminal.csproj", "{DBCFE37D-C430-4986-A9C5-E3734936957A}"
	ProjectSection(ProjectDependencies) = postProject
		{9AA6C347-81F0-44DC-BD58-AB960ED308CD} = {9AA6C347-81F0-44DC-BD58-AB960ED308CD}
		{CD9BF455-2330-4463-9E12-775DF2E17900} = {CD9BF455-2330-4463-9E12-775DF2E17900}
		{2E80CD68-D1C1-4AAD-8A7A-814419F5E59B} = {2E80CD68-D1C1-4AAD-8A7A-814419F5E59B}
	EndProjectSection
EndProject
Project("{FAE04EC0-301F-11D3-BF4B-00C04F79EFBC}") = "WinService", "WinService\WinService.csproj", "{5009ABE1-ABF5-4D27-A0EB-07E3C735CC15}"
	ProjectSection(ProjectDependencies) = postProject
		{9AA6C347-81F0-44DC-BD58-AB960ED308CD} = {9AA6C347-81F0-44DC-BD58-AB960ED308CD}
		{CD9BF455-2330-4463-9E12-775DF2E17900} = {CD9BF455-2330-4463-9E12-775DF2E17900}
		{2E80CD68-D1C1-4AAD-8A7A-814419F5E59B} = {2E80CD68-D1C1-4AAD-8A7A-814419F5E59B}
	EndProjectSection
EndProject
Project("{FAE04EC0-301F-11D3-BF4B-00C04F79EFBC}") = "GRModel", "..\GRModel\GRModel.csproj", "{9AA6C347-81F0-44DC-BD58-AB960ED308CD}"
EndProject
Project("{FAE04EC0-301F-11D3-BF4B-00C04F79EFBC}") = "GRUtil", "..\GRUtil\GRUtil.csproj", "{CD9BF455-2330-4463-9E12-775DF2E17900}"
EndProject
Project("{FAE04EC0-301F-11D3-BF4B-00C04F79EFBC}") = "GRDb", "..\GRDb\GRDb.csproj", "{2E80CD68-D1C1-4AAD-8A7A-814419F5E59B}"
	ProjectSection(ProjectDependencies) = postProject
		{9AA6C347-81F0-44DC-BD58-AB960ED308CD} = {9AA6C347-81F0-44DC-BD58-AB960ED308CD}
		{CD9BF455-2330-4463-9E12-775DF2E17900} = {CD9BF455-2330-4463-9E12-775DF2E17900}
	EndProjectSection
EndProject
Global
	GlobalSection(SolutionConfigurationPlatforms) = preSolution
		Debug|Any CPU = Debug|Any CPU
		Release|Any CPU = Release|Any CPU
	EndGlobalSection
	GlobalSection(ProjectConfigurationPlatforms) = postSolution
		{B34ADF40-B442-47B1-BCFD-C659BCC96757}.Debug|Any CPU.ActiveCfg = Debug|Any CPU
		{B34ADF40-B442-47B1-BCFD-C659BCC96757}.Debug|Any CPU.Build.0 = Debug|Any CPU
		{B34ADF40-B442-47B1-BCFD-C659BCC96757}.Release|Any CPU.ActiveCfg = Release|Any CPU
		{B34ADF40-B442-47B1-BCFD-C659BCC96757}.Release|Any CPU.Build.0 = Release|Any CPU
		{DBCFE37D-C430-4986-A9C5-E3734936957A}.Debug|Any CPU.ActiveCfg = Debug|Any CPU
		{DBCFE37D-C430-4986-A9C5-E3734936957A}.Debug|Any CPU.Build.0 = Debug|Any CPU
		{DBCFE37D-C430-4986-A9C5-E3734936957A}.Release|Any CPU.ActiveCfg = Release|Any CPU
		{DBCFE37D-C430-4986-A9C5-E3734936957A}.Release|Any CPU.Build.0 = Release|Any CPU
		{5009ABE1-ABF5-4D27-A0EB-07E3C735CC15}.Debug|Any CPU.ActiveCfg = Debug|Any CPU
		{5009ABE1-ABF5-4D27-A0EB-07E3C735CC15}.Debug|Any CPU.Build.0 = Debug|Any CPU
		{5009ABE1-ABF5-4D27-A0EB-07E3C735CC15}.Release|Any CPU.ActiveCfg = Release|Any CPU
		{5009ABE1-ABF5-4D27-A0EB-07E3C735CC15}.Release|Any CPU.Build.0 = Release|Any CPU
		{9AA6C347-81F0-44DC-BD58-AB960ED308CD}.Debug|Any CPU.ActiveCfg = Debug|Any CPU
		{9AA6C347-81F0-44DC-BD58-AB960ED308CD}.Debug|Any CPU.Build.0 = Debug|Any CPU
		{9AA6C347-81F0-44DC-BD58-AB960ED308CD}.Release|Any CPU.ActiveCfg = Release|Any CPU
		{9AA6C347-81F0-44DC-BD58-AB960ED308CD}.Release|Any CPU.Build.0 = Release|Any CPU
		{CD9BF455-2330-4463-9E12-775DF2E17900}.Debug|Any CPU.ActiveCfg = Debug|Any CPU
		{CD9BF455-2330-4463-9E12-775DF2E17900}.Debug|Any CPU.Build.0 = Debug|Any CPU
		{CD9BF455-2330-4463-9E12-775DF2E17900}.Release|Any CPU.ActiveCfg = Release|Any CPU
		{CD9BF455-2330-4463-9E12-775DF2E17900}.Release|Any CPU.Build.0 = Release|Any CPU
		{2E80CD68-D1C1-4AAD-8A7A-814419F5E59B}.Debug|Any CPU.ActiveCfg = Debug|Any CPU
		{2E80CD68-D1C1-4AAD-8A7A-814419F5E59B}.Debug|Any CPU.Build.0 = Debug|Any CPU
		{2E80CD68-D1C1-4AAD-8A7A-814419F5E59B}.Release|Any CPU.ActiveCfg = Release|Any CPU
		{2E80CD68-D1C1-4AAD-8A7A-814419F5E59B}.Release|Any CPU.Build.0 = Release|Any CPU
	EndGlobalSection
	GlobalSection(SolutionProperties) = preSolution
		HideSolutionNode = FALSE
	EndGlobalSection
	GlobalSection(ExtensibilityGlobals) = postSolution
		SolutionGuid = {3BE520F0-63F1-4C19-91E1-5E574691F9A7}
	EndGlobalSection
EndGlobal
